{
  "name": "react-native-carousel",
  "version": "0.11.0",
  "lockfileVersion": 1,
  "requires": true,
  "dependencies": {
    "@react-native-community/viewpager": {
      "version": "1.1.7",
      "resolved": "https://registry.npmjs.org/@react-native-community/viewpager/-/viewpager-1.1.7.tgz",
      "integrity": "sha512-k9v2KJtAprNPq7IZmedD2VLMePvPW+ohX3uDnkpoKritBji+/RtRmTKrdtPi3Uvp0toq/KtPttAds1dr7AZNpw=="
    },
    "add": {
      "version": "2.0.6",
      "resolved": "https://registry.npmjs.org/add/-/add-2.0.6.tgz",
      "integrity": "sha1-JI8Kn25aUo7yKV2+7DBTITCuIjU="
    },
    "react-timer-mixin": {
      "version": "0.13.4",
      "resolved": "https://registry.npmjs.org/react-timer-mixin/-/react-timer-mixin-0.13.4.tgz",
      "integrity": "sha512-4+ow23tp/Tv7hBM5Az5/Be/eKKF7DIvJ09voz5LyHGQaqqz9WV8YMs31eFvcYQs7d451LSg7kDJV70XYN/Ug/Q=="
    },
    "yarn": {
      "version": "1.17.3",
      "resolved": "https://registry.npmjs.org/yarn/-/yarn-1.17.3.tgz",
      "integrity": "sha512-CgA8o7nRZaQvmeF/WBx2FC7f9W/0X59T2IaLYqgMo6637wfp5mMEsM3YXoJtKUspnpmDJKl/gGFhnqS+sON7hA=="
    }
  }
}
