# THIS IS AN AUTOGENERATED FILE. DO NOT EDIT THIS FILE DIRECTLY.
# yarn lockfile v1


"@react-native-community/viewpager@^1.1.7":
  version "1.1.7"
  resolved "https://registry.yarnpkg.com/@react-native-community/viewpager/-/viewpager-1.1.7.tgz#7d3b1631f1ec91145db92a8e25c80d53027e96ba"
  integrity sha512-k9v2KJtAprNPq7IZmedD2VLMePvPW+ohX3uDnkpoKritBji+/RtRmTKrdtPi3Uvp0toq/KtPttAds1dr7AZNpw==

add@^2.0.6:
  version "2.0.6"
  resolved "https://registry.yarnpkg.com/add/-/add-2.0.6.tgz#248f0a9f6e5a528ef2295dbeec30532130ae2235"
  integrity sha1-JI8Kn25aUo7yKV2+7DBTITCuIjU=

react-timer-mixin@^0.13.3:
  version "0.13.4"
  resolved "https://registry.yarnpkg.com/react-timer-mixin/-/react-timer-mixin-0.13.4.tgz#75a00c3c94c13abe29b43d63b4c65a88fc8264d3"
  integrity sha512-4+ow23tp/Tv7hBM5Az5/Be/eKKF7DIvJ09voz5LyHGQaqqz9WV8YMs31eFvcYQs7d451LSg7kDJV70XYN/Ug/Q==

yarn@^1.17.3:
  version "1.17.3"
  resolved "https://registry.yarnpkg.com/yarn/-/yarn-1.17.3.tgz#60e0b77d079eb78e753bb616f7592b51b6a9adce"
  integrity sha512-CgA8o7nRZaQvmeF/WBx2FC7f9W/0X59T2IaLYqgMo6637wfp5mMEsM3YXoJtKUspnpmDJKl/gGFhnqS+sON7hA==
